
Microsoft Visual Studio Solution File, Format Version 12.00
# Visual Studio Version 17
VisualStudioVersion = 17.7.34031.279
MinimumVisualStudioVersion = 10.0.40219.1
Project("{FAE04EC0-301F-11D3-BF4B-00C04F79EFBC}") = "StartUP", "StartUP\StartUP.csproj", "{C87A943E-C5A4-4B50-A926-157A7860650E}"
EndProject
Global
	GlobalSection(SolutionConfigurationPlatforms) = preSolution
		Debug|Any CPU = Debug|Any CPU
		Release|Any CPU = Release|Any CPU
	EndGlobalSection
	GlobalSection(ProjectConfigurationPlatforms) = postSolution
		{C87A943E-C5A4-4B50-A926-157A7860650E}.Debug|Any CPU.ActiveCfg = Debug|Any CPU
		{C87A943E-C5A4-4B50-A926-157A7860650E}.Debug|Any CPU.Build.0 = Debug|Any CPU
		{C87A943E-C5A4-4B50-A926-157A7860650E}.Release|Any CPU.ActiveCfg = Release|Any CPU
		{C87A943E-C5A4-4B50-A926-157A7860650E}.Release|Any CPU.Build.0 = Release|Any CPU
	EndGlobalSection
	GlobalSection(SolutionProperties) = preSolution
		HideSolutionNode = FALSE
	EndGlobalSection
	GlobalSection(ExtensibilityGlobals) = postSolution
		SolutionGuid = {30286073-D782-4F12-A480-5E6985A19864}
	EndGlobalSection
EndGlobal
